// !$*UTF8*$!
{
	archiveVersion = 1;
	classes = {
	};
	objectVersion = 46;
	objects = {

/* Begin PBXBuildFile section */
		67C31BE11726A94100113E92 /* UIKit.framework in Frameworks */ = {isa = PBXBuildFile; fileRef = 67C31BE01726A94100113E92 /* UIKit.framework */; };
		67C31BE31726A94100113E92 /* Foundation.framework in Frameworks */ = {isa = PBXBuildFile; fileRef = 67C31BE21726A94100113E92 /* Foundation.framework */; };
		67C31BE51726A94100113E92 /* CoreGraphics.framework in Frameworks */ = {isa = PBXBuildFile; fileRef = 67C31BE41726A94100113E92 /* CoreGraphics.framework */; };
		67C31BEB1726A94100113E92 /* InfoPlist.strings in Resources */ = {isa = PBXBuildFile; fileRef = 67C31BE91726A94100113E92 /* InfoPlist.strings */; };
		67C31BED1726A94100113E92 /* main.m in Sources */ = {isa = PBXBuildFile; fileRef = 67C31BEC1726A94100113E92 /* main.m */; };
		67C31BF11726A94100113E92 /* doubanAppDelegate.m in Sources */ = {isa = PBXBuildFile; fileRef = 67C31BF01726A94100113E92 /* doubanAppDelegate.m */; };
		67C31BF31726A94100113E92 /* Default.png in Resources */ = {isa = PBXBuildFile; fileRef = 67C31BF21726A94100113E92 /* Default.png */; };
		67C31BF51726A94100113E92 /* Default@2x.png in Resources */ = {isa = PBXBuildFile; fileRef = 67C31BF41726A94100113E92 /* Default@2x.png */; };
		67C31BF71726A94100113E92 /* Default-568h@2x.png in Resources */ = {isa = PBXBuildFile; fileRef = 67C31BF61726A94100113E92 /* Default-568h@2x.png */; };
/* End PBXBuildFile section */

/* Begin PBXFileReference section */
		67C31BDD1726A94100113E92 /* doubanProgram.app */ = {isa = PBXFileReference; explicitFileType = wrapper.application; includeInIndex = 0; path = doubanProgram.app; sourceTree = BUILT_PRODUCTS_DIR; };
		67C31BE01726A94100113E92 /* UIKit.framework */ = {isa = PBXFileReference; lastKnownFileType = wrapper.framework; name = UIKit.framework; path = System/Library/Frameworks/UIKit.framework; sourceTree = SDKROOT; };
		67C31BE21726A94100113E92 /* Foundation.framework */ = {isa = PBXFileReference; lastKnownFileType = wrapper.framework; name = Foundation.framework; path = System/Library/Frameworks/Foundation.framework; sourceTree = SDKROOT; };
		67C31BE41726A94100113E92 /* CoreGraphics.framework */ = {isa = PBXFileReference; lastKnownFileType = wrapper.framework; name = CoreGraphics.framework; path = System/Library/Frameworks/CoreGraphics.framework; sourceTree = SDKROOT; };
		67C31BE81726A94100113E92 /* doubanProgram-Info.plist */ = {isa = PBXFileReference; lastKnownFileType = text.plist.xml; path = "doubanProgram-Info.plist"; sourceTree = "<group>"; };
		67C31BEA1726A94100113E92 /* en */ = {isa = PBXFileReference; lastKnownFileType = text.plist.strings; name = en; path = en.lproj/InfoPlist.strings; sourceTree = "<group>"; };
		67C31BEC1726A94100113E92 /* main.m */ = {isa = PBXFileReference; lastKnownFileType = sourcecode.c.objc; path = main.m; sourceTree = "<group>"; };
		67C31BEE1726A94100113E92 /* doubanProgram-Prefix.pch */ = {isa = PBXFileReference; lastKnownFileType = sourcecode.c.h; path = "doubanProgram-Prefix.pch"; sourceTree = "<group>"; };
		67C31BEF1726A94100113E92 /* doubanAppDelegate.h */ = {isa = PBXFileReference; lastKnownFileType = sourcecode.c.h; path = doubanAppDelegate.h; sourceTree = "<group>"; };
		67C31BF01726A94100113E92 /* doubanAppDelegate.m */ = {isa = PBXFileReference; lastKnownFileType = sourcecode.c.objc; path = doubanAppDelegate.m; sourceTree = "<group>"; };
		67C31BF21726A94100113E92 /* Default.png */ = {isa = PBXFileReference; lastKnownFileType = image.png; path = Default.png; sourceTree = "<group>"; };
		67C31BF41726A94100113E92 /* Default@2x.png */ = {isa = PBXFileReference; lastKnownFileType = image.png; path = "Default@2x.png"; sourceTree = "<group>"; };
		67C31BF61726A94100113E92 /* Default-568h@2x.png */ = {isa = PBXFileReference; lastKnownFileType = image.png; path = "Default-568h@2x.png"; sourceTree = "<group>"; };
/* End PBXFileReference section */

/* Begin PBXFrameworksBuildPhase section */
		67C31BDA1726A94100113E92 /* Frameworks */ = {
			isa = PBXFrameworksBuildPhase;
			buildActionMask = 2147483647;
			files = (
				67C31BE11726A94100113E92 /* UIKit.framework in Frameworks */,
				67C31BE31726A94100113E92 /* Foundation.framework in Frameworks */,
				67C31BE51726A94100113E92 /* CoreGraphics.framework in Frameworks */,
			);
			runOnlyForDeploymentPostprocessing = 0;
		};
/* End PBXFrameworksBuildPhase section */

/* Begin PBXGroup section */
		67C31BD41726A94100113E92 = {
			isa = PBXGroup;
			children = (
				67C31BE61726A94100113E92 /* doubanProgram */,
				67C31BDF1726A94100113E92 /* Frameworks */,
				67C31BDE1726A94100113E92 /* Products */,
			);
			sourceTree = "<group>";
		};
		67C31BDE1726A94100113E92 /* Products */ = {
			isa = PBXGroup;
			children = (
				67C31BDD1726A94100113E92 /* doubanProgram.app */,
			);
			name = Products;
			sourceTree = "<group>";
		};
		67C31BDF1726A94100113E92 /* Frameworks */ = {
			isa = PBXGroup;
			children = (
				67C31BE01726A94100113E92 /* UIKit.framework */,
				67C31BE21726A94100113E92 /* Foundation.framework */,
				67C31BE41726A94100113E92 /* CoreGraphics.framework */,
			);
			name = Frameworks;
			sourceTree = "<group>";
		};
		67C31BE61726A94100113E92 /* doubanProgram */ = {
			isa = PBXGroup;
			children = (
				67C31BEF1726A94100113E92 /* doubanAppDelegate.h */,
				67C31BF01726A94100113E92 /* doubanAppDelegate.m */,
				67C31BE71726A94100113E92 /* Supporting Files */,
			);
			path = doubanProgram;
			sourceTree = "<group>";
		};
		67C31BE71726A94100113E92 /* Supporting Files */ = {
			isa = PBXGroup;
			children = (
				67C31BE81726A94100113E92 /* doubanProgram-Info.plist */,
				67C31BE91726A94100113E92 /* InfoPlist.strings */,
				67C31BEC1726A94100113E92 /* main.m */,
				67C31BEE1726A94100113E92 /* doubanProgram-Prefix.pch */,
				67C31BF21726A94100113E92 /* Default.png */,
				67C31BF41726A94100113E92 /* Default@2x.png */,
				67C31BF61726A94100113E92 /* Default-568h@2x.png */,
			);
			name = "Supporting Files";
			sourceTree = "<group>";
		};
/* End PBXGroup section */

/* Begin PBXNativeTarget section */
		67C31BDC1726A94100113E92 /* doubanProgram */ = {
			isa = PBXNativeTarget;
			buildConfigurationList = 67C31BFA1726A94100113E92 /* Build configuration list for PBXNativeTarget "doubanProgram" */;
			buildPhases = (
				67C31BD91726A94100113E92 /* Sources */,
				67C31BDA1726A94100113E92 /* Frameworks */,
				67C31BDB1726A94100113E92 /* Resources */,
			);
			buildRules = (
			);
			dependencies = (
			);
			name = doubanProgram;
			productName = doubanProgram;
			productReference = 67C31BDD1726A94100113E92 /* doubanProgram.app */;
			productType = "com.apple.product-type.application";
		};
/* End PBXNativeTarget section */

/* Begin PBXProject section */
		67C31BD51726A94100113E92 /* Project object */ = {
			isa = PBXProject;
			attributes = {
				CLASSPREFIX = douban;
				LastUpgradeCheck = 0460;
				ORGANIZATIONNAME = MrXir;
			};
			buildConfigurationList = 67C31BD81726A94100113E92 /* Build configuration list for PBXProject "doubanProgram" */;
			compatibilityVersion = "Xcode 3.2";
			developmentRegion = English;
			hasScannedForEncodings = 0;
			knownRegions = (
				en,
			);
			mainGroup = 67C31BD41726A94100113E92;
			productRefGroup = 67C31BDE1726A94100113E92 /* Products */;
			projectDirPath = "";
			projectRoot = "";
			targets = (
				67C31BDC1726A94100113E92 /* doubanProgram */,
			);
		};
/* End PBXProject section */

/* Begin PBXResourcesBuildPhase section */
		67C31BDB1726A94100113E92 /* Resources */ = {
			isa = PBXResourcesBuildPhase;
			buildActionMask = 2147483647;
			files = (
				67C31BEB1726A94100113E92 /* InfoPlist.strings in Resources */,
				67C31BF31726A94100113E92 /* Default.png in Resources */,
				67C31BF51726A94100113E92 /* Default@2x.png in Resources */,
				67C31BF71726A94100113E92 /* Default-568h@2x.png in Resources */,
			);
			runOnlyForDeploymentPostprocessing = 0;
		};
/* End PBXResourcesBuildPhase section */

/* Begin PBXSourcesBuildPhase section */
		67C31BD91726A94100113E92 /* Sources */ = {
			isa = PBXSourcesBuildPhase;
			buildActionMask = 2147483647;
			files = (
				67C31BED1726A94100113E92 /* main.m in Sources */,
				67C31BF11726A94100113E92 /* doubanAppDelegate.m in Sources */,
			);
			runOnlyForDeploymentPostprocessing = 0;
		};
/* End PBXSourcesBuildPhase section */

/* Begin PBXVariantGroup section */
		67C31BE91726A94100113E92 /* InfoPlist.strings */ = {
			isa = PBXVariantGroup;
			children = (
				67C31BEA1726A94100113E92 /* en */,
			);
			name = InfoPlist.strings;
			sourceTree = "<group>";
		};
/* End PBXVariantGroup section */

/* Begin XCBuildConfiguration section */
		67C31BF81726A94100113E92 /* Debug */ = {
			isa = XCBuildConfiguration;
			buildSettings = {
				ALWAYS_SEARCH_USER_PATHS = NO;
				CLANG_CXX_LANGUAGE_STANDARD = "gnu++0x";
				CLANG_CXX_LIBRARY = "libc++";
				CLANG_WARN_CONSTANT_CONVERSION = YES;
				CLANG_WARN_EMPTY_BODY = YES;
				CLANG_WARN_ENUM_CONVERSION = YES;
				CLANG_WARN_INT_CONVERSION = YES;
				CLANG_WARN__DUPLICATE_METHOD_MATCH = YES;
				"CODE_SIGN_IDENTITY[sdk=iphoneos*]" = "iPhone Developer";
				COPY_PHASE_STRIP = NO;
				GCC_C_LANGUAGE_STANDARD = gnu99;
				GCC_DYNAMIC_NO_PIC = NO;
				GCC_OPTIMIZATION_LEVEL = 0;
				GCC_PREPROCESSOR_DEFINITIONS = (
					"DEBUG=1",
					"$(inherited)",
				);
				GCC_SYMBOLS_PRIVATE_EXTERN = NO;
				GCC_WARN_ABOUT_RETURN_TYPE = YES;
				GCC_WARN_UNINITIALIZED_AUTOS = YES;
				GCC_WARN_UNUSED_VARIABLE = YES;
				IPHONEOS_DEPLOYMENT_TARGET = 6.1;
				ONLY_ACTIVE_ARCH = YES;
				SDKROOT = iphoneos;
				TARGETED_DEVICE_FAMILY = "1,2";
			};
			name = Debug;
		};
		67C31BF91726A94100113E92 /* Release */ = {
			isa = XCBuildConfiguration;
			buildSettings = {
				ALWAYS_SEARCH_USER_PATHS = NO;
				CLANG_CXX_LANGUAGE_STANDARD = "gnu++0x";
				CLANG_CXX_LIBRARY = "libc++";
				CLANG_WARN_CONSTANT_CONVERSION = YES;
				CLANG_WARN_EMPTY_BODY = YES;
				CLANG_WARN_ENUM_CONVERSION = YES;
				CLANG_WARN_INT_CONVERSION = YES;
				CLANG_WARN__DUPLICATE_METHOD_MATCH = YES;
				"CODE_SIGN_IDENTITY[sdk=iphoneos*]" = "iPhone Developer";
				COPY_PHASE_STRIP = YES;
				GCC_C_LANGUAGE_STANDARD = gnu99;
				GCC_WARN_ABOUT_RETURN_TYPE = YES;
				GCC_WARN_UNINITIALIZED_AUTOS = YES;
				GCC_WARN_UNUSED_VARIABLE = YES;
				IPHONEOS_DEPLOYMENT_TARGET = 6.1;
				OTHER_CFLAGS = "-DNS_BLOCK_ASSERTIONS=1";
				SDKROOT = iphoneos;
				TARGETED_DEVICE_FAMILY = "1,2";
				VALIDATE_PRODUCT = YES;
			};
			name = Release;
		};
		67C31BFB1726A94100113E92 /* Debug */ = {
			isa = XCBuildConfiguration;
			buildSettings = {
				GCC_PRECOMPILE_PREFIX_HEADER = YES;
				GCC_PREFIX_HEADER = "doubanProgram/doubanProgram-Prefix.pch";
				INFOPLIST_FILE = "doubanProgram/doubanProgram-Info.plist";
				PRODUCT_NAME = "$(TARGET_NAME)";
				WRAPPER_EXTENSION = app;
			};
			name = Debug;
		};
		67C31BFC1726A94100113E92 /* Release */ = {
			isa = XCBuildConfiguration;
			buildSettings = {
				GCC_PRECOMPILE_PREFIX_HEADER = YES;
				GCC_PREFIX_HEADER = "doubanProgram/doubanProgram-Prefix.pch";
				INFOPLIST_FILE = "doubanProgram/doubanProgram-Info.plist";
				PRODUCT_NAME = "$(TARGET_NAME)";
				WRAPPER_EXTENSION = app;
			};
			name = Release;
		};
/* End XCBuildConfiguration section */

/* Begin XCConfigurationList section */
		67C31BD81726A94100113E92 /* Build configuration list for PBXProject "doubanProgram" */ = {
			isa = XCConfigurationList;
			buildConfigurations = (
				67C31BF81726A94100113E92 /* Debug */,
				67C31BF91726A94100113E92 /* Release */,
			);
			defaultConfigurationIsVisible = 0;
			defaultConfigurationName = Release;
		};
		67C31BFA1726A94100113E92 /* Build configuration list for PBXNativeTarget "doubanProgram" */ = {
			isa = XCConfigurationList;
			buildConfigurations = (
				67C31BFB1726A94100113E92 /* Debug */,
				67C31BFC1726A94100113E92 /* Release */,
			);
			defaultConfigurationIsVisible = 0;
		};
/* End XCConfigurationList section */
	};
	rootObject = 67C31BD51726A94100113E92 /* Project object */;
}
